// !$*UTF8*$!
{
	archiveVersion = 1;
	classes = {
	};
	objectVersion = 46;
	objects = {

/* Begin PBXBuildFile section */
		64801BD91D5A495A00CC1587 /* main.m in Sources */ = {isa = PBXBuildFile; fileRef = 64801BD81D5A495A00CC1587 /* main.m */; };
		64801BDC1D5A495A00CC1587 /* AppDelegate.m in Sources */ = {isa = PBXBuildFile; fileRef = 64801BDB1D5A495A00CC1587 /* AppDelegate.m */; };
		64801BE21D5A495A00CC1587 /* Main.storyboard in Resources */ = {isa = PBXBuildFile; fileRef = 64801BE01D5A495A00CC1587 /* Main.storyboard */; };
		64801BE41D5A495A00CC1587 /* Assets.xcassets in Resources */ = {isa = PBXBuildFile; fileRef = 64801BE31D5A495A00CC1587 /* Assets.xcassets */; };
		64801BE71D5A495A00CC1587 /* LaunchScreen.storyboard in Resources */ = {isa = PBXBuildFile; fileRef = 64801BE51D5A495A00CC1587 /* LaunchScreen.storyboard */; };
		64801BEF1D5A54EF00CC1587 /* Realm.framework in Frameworks */ = {isa = PBXBuildFile; fileRef = 64801BEE1D5A54EF00CC1587 /* Realm.framework */; };
		64801BF01D5A54EF00CC1587 /* Realm.framework in Embed Frameworks */ = {isa = PBXBuildFile; fileRef = 64801BEE1D5A54EF00CC1587 /* Realm.framework */; settings = {ATTRIBUTES = (CodeSignOnCopy, RemoveHeadersOnCopy, ); }; };
		64801BF41D5A55B900CC1587 /* RLMSupport.swift in Sources */ = {isa = PBXBuildFile; fileRef = 64801BF31D5A55B900CC1587 /* RLMSupport.swift */; };
		64E9D9651D5B80260099A09D /* Item.m in Sources */ = {isa = PBXBuildFile; fileRef = 64E9D9641D5B80260099A09D /* Item.m */; };
		64E9D9681D5B803B0099A09D /* Note.m in Sources */ = {isa = PBXBuildFile; fileRef = 64E9D9671D5B803B0099A09D /* Note.m */; };
		64E9D96C1D5B89A20099A09D /* StorageController.m in Sources */ = {isa = PBXBuildFile; fileRef = 64E9D96B1D5B89A20099A09D /* StorageController.m */; };
		64E9D96E1D5B97050099A09D /* ItemListViewController.swift in Sources */ = {isa = PBXBuildFile; fileRef = 64E9D96D1D5B97050099A09D /* ItemListViewController.swift */; };
		64E9D9741D5BC7420099A09D /* ItemListViewModel.swift in Sources */ = {isa = PBXBuildFile; fileRef = 64E9D9731D5BC7420099A09D /* ItemListViewModel.swift */; };
		64E9D9761D5BC93B0099A09D /* ItemListDataSource.swift in Sources */ = {isa = PBXBuildFile; fileRef = 64E9D9751D5BC93B0099A09D /* ItemListDataSource.swift */; };
		64E9D9781D5BC9440099A09D /* ItemListDelegate.swift in Sources */ = {isa = PBXBuildFile; fileRef = 64E9D9771D5BC9440099A09D /* ItemListDelegate.swift */; };
		64E9D97A1D5BE48E0099A09D /* ItemListCell.swift in Sources */ = {isa = PBXBuildFile; fileRef = 64E9D9791D5BE48E0099A09D /* ItemListCell.swift */; };
/* End PBXBuildFile section */

/* Begin PBXCopyFilesBuildPhase section */
		64801BF11D5A54EF00CC1587 /* Embed Frameworks */ = {
			isa = PBXCopyFilesBuildPhase;
			buildActionMask = 2147483647;
			dstPath = "";
			dstSubfolderSpec = 10;
			files = (
				64801BF01D5A54EF00CC1587 /* Realm.framework in Embed Frameworks */,
			);
			name = "Embed Frameworks";
			runOnlyForDeploymentPostprocessing = 0;
		};
/* End PBXCopyFilesBuildPhase section */

/* Begin PBXFileReference section */
		64801BD41D5A495A00CC1587 /* RealmItemManager.app */ = {isa = PBXFileReference; explicitFileType = wrapper.application; includeInIndex = 0; path = RealmItemManager.app; sourceTree = BUILT_PRODUCTS_DIR; };
		64801BD81D5A495A00CC1587 /* main.m */ = {isa = PBXFileReference; lastKnownFileType = sourcecode.c.objc; path = main.m; sourceTree = "<group>"; };
		64801BDA1D5A495A00CC1587 /* AppDelegate.h */ = {isa = PBXFileReference; lastKnownFileType = sourcecode.c.h; path = AppDelegate.h; sourceTree = "<group>"; };
		64801BDB1D5A495A00CC1587 /* AppDelegate.m */ = {isa = PBXFileReference; lastKnownFileType = sourcecode.c.objc; path = AppDelegate.m; sourceTree = "<group>"; };
		64801BE11D5A495A00CC1587 /* Base */ = {isa = PBXFileReference; lastKnownFileType = file.storyboard; name = Base; path = Base.lproj/Main.storyboard; sourceTree = "<group>"; };
		64801BE31D5A495A00CC1587 /* Assets.xcassets */ = {isa = PBXFileReference; lastKnownFileType = folder.assetcatalog; path = Assets.xcassets; sourceTree = "<group>"; };
		64801BE61D5A495A00CC1587 /* Base */ = {isa = PBXFileReference; lastKnownFileType = file.storyboard; name = Base; path = Base.lproj/LaunchScreen.storyboard; sourceTree = "<group>"; };
		64801BE81D5A495A00CC1587 /* Info.plist */ = {isa = PBXFileReference; lastKnownFileType = text.plist.xml; path = Info.plist; sourceTree = "<group>"; };
		64801BEE1D5A54EF00CC1587 /* Realm.framework */ = {isa = PBXFileReference; lastKnownFileType = wrapper.framework; path = Realm.framework; sourceTree = "<group>"; };
		64801BF21D5A55B800CC1587 /* RealmItemManager-Bridging-Header.h */ = {isa = PBXFileReference; lastKnownFileType = sourcecode.c.h; path = "RealmItemManager-Bridging-Header.h"; sourceTree = "<group>"; };
		64801BF31D5A55B900CC1587 /* RLMSupport.swift */ = {isa = PBXFileReference; fileEncoding = 4; lastKnownFileType = sourcecode.swift; path = RLMSupport.swift; sourceTree = "<group>"; };
		64E9D9631D5B80260099A09D /* Item.h */ = {isa = PBXFileReference; fileEncoding = 4; lastKnownFileType = sourcecode.c.h; path = Item.h; sourceTree = "<group>"; };
		64E9D9641D5B80260099A09D /* Item.m */ = {isa = PBXFileReference; fileEncoding = 4; lastKnownFileType = sourcecode.c.objc; path = Item.m; sourceTree = "<group>"; };
		64E9D9661D5B803B0099A09D /* Note.h */ = {isa = PBXFileReference; fileEncoding = 4; lastKnownFileType = sourcecode.c.h; path = Note.h; sourceTree = "<group>"; };
		64E9D9671D5B803B0099A09D /* Note.m */ = {isa = PBXFileReference; fileEncoding = 4; lastKnownFileType = sourcecode.c.objc; path = Note.m; sourceTree = "<group>"; };
		64E9D96A1D5B89A20099A09D /* StorageController.h */ = {isa = PBXFileReference; fileEncoding = 4; lastKnownFileType = sourcecode.c.h; path = StorageController.h; sourceTree = "<group>"; };
		64E9D96B1D5B89A20099A09D /* StorageController.m */ = {isa = PBXFileReference; fileEncoding = 4; lastKnownFileType = sourcecode.c.objc; path = StorageController.m; sourceTree = "<group>"; };
		64E9D96D1D5B97050099A09D /* ItemListViewController.swift */ = {isa = PBXFileReference; fileEncoding = 4; lastKnownFileType = sourcecode.swift; path = ItemListViewController.swift; sourceTree = "<group>"; };
		64E9D9731D5BC7420099A09D /* ItemListViewModel.swift */ = {isa = PBXFileReference; fileEncoding = 4; lastKnownFileType = sourcecode.swift; path = ItemListViewModel.swift; sourceTree = "<group>"; };
		64E9D9751D5BC93B0099A09D /* ItemListDataSource.swift */ = {isa = PBXFileReference; fileEncoding = 4; lastKnownFileType = sourcecode.swift; path = ItemListDataSource.swift; sourceTree = "<group>"; };
		64E9D9771D5BC9440099A09D /* ItemListDelegate.swift */ = {isa = PBXFileReference; fileEncoding = 4; lastKnownFileType = sourcecode.swift; path = ItemListDelegate.swift; sourceTree = "<group>"; };
		64E9D9791D5BE48E0099A09D /* ItemListCell.swift */ = {isa = PBXFileReference; fileEncoding = 4; lastKnownFileType = sourcecode.swift; path = ItemListCell.swift; sourceTree = "<group>"; };
/* End PBXFileReference section */

/* Begin PBXFrameworksBuildPhase section */
		64801BD11D5A495A00CC1587 /* Frameworks */ = {
			isa = PBXFrameworksBuildPhase;
			buildActionMask = 2147483647;
			files = (
				64801BEF1D5A54EF00CC1587 /* Realm.framework in Frameworks */,
			);
			runOnlyForDeploymentPostprocessing = 0;
		};
/* End PBXFrameworksBuildPhase section */

/* Begin PBXGroup section */
		64801BCB1D5A495A00CC1587 = {
			isa = PBXGroup;
			children = (
				64801BF31D5A55B900CC1587 /* RLMSupport.swift */,
				64801BEE1D5A54EF00CC1587 /* Realm.framework */,
				64801BF21D5A55B800CC1587 /* RealmItemManager-Bridging-Header.h */,
				64801BD61D5A495A00CC1587 /* RealmItemManager */,
				64801BD51D5A495A00CC1587 /* Products */,
			);
			sourceTree = "<group>";
		};
		64801BD51D5A495A00CC1587 /* Products */ = {
			isa = PBXGroup;
			children = (
				64801BD41D5A495A00CC1587 /* RealmItemManager.app */,
			);
			name = Products;
			sourceTree = "<group>";
		};
		64801BD61D5A495A00CC1587 /* RealmItemManager */ = {
			isa = PBXGroup;
			children = (
				64E9D9691D5B80A00099A09D /* Storage */,
				64801BDA1D5A495A00CC1587 /* AppDelegate.h */,
				64801BDB1D5A495A00CC1587 /* AppDelegate.m */,
				64E9D96D1D5B97050099A09D /* ItemListViewController.swift */,
				64E9D9751D5BC93B0099A09D /* ItemListDataSource.swift */,
				64E9D9771D5BC9440099A09D /* ItemListDelegate.swift */,
				64E9D9731D5BC7420099A09D /* ItemListViewModel.swift */,
				64E9D9791D5BE48E0099A09D /* ItemListCell.swift */,
				64801BE01D5A495A00CC1587 /* Main.storyboard */,
				64801BE31D5A495A00CC1587 /* Assets.xcassets */,
				64801BE51D5A495A00CC1587 /* LaunchScreen.storyboard */,
				64801BE81D5A495A00CC1587 /* Info.plist */,
				64801BD71D5A495A00CC1587 /* Supporting Files */,
			);
			path = RealmItemManager;
			sourceTree = "<group>";
		};
		64801BD71D5A495A00CC1587 /* Supporting Files */ = {
			isa = PBXGroup;
			children = (
				64801BD81D5A495A00CC1587 /* main.m */,
			);
			name = "Supporting Files";
			sourceTree = "<group>";
		};
		64E9D9691D5B80A00099A09D /* Storage */ = {
			isa = PBXGroup;
			children = (
				64E9D9631D5B80260099A09D /* Item.h */,
				64E9D9641D5B80260099A09D /* Item.m */,
				64E9D9661D5B803B0099A09D /* Note.h */,
				64E9D9671D5B803B0099A09D /* Note.m */,
				64E9D96A1D5B89A20099A09D /* StorageController.h */,
				64E9D96B1D5B89A20099A09D /* StorageController.m */,
			);
			name = Storage;
			sourceTree = "<group>";
		};
/* End PBXGroup section */

/* Begin PBXNativeTarget section */
		64801BD31D5A495A00CC1587 /* RealmItemManager */ = {
			isa = PBXNativeTarget;
			buildConfigurationList = 64801BEB1D5A495A00CC1587 /* Build configuration list for PBXNativeTarget "RealmItemManager" */;
			buildPhases = (
				64801BD01D5A495A00CC1587 /* Sources */,
				64801BD11D5A495A00CC1587 /* Frameworks */,
				64801BD21D5A495A00CC1587 /* Resources */,
				64801BF11D5A54EF00CC1587 /* Embed Frameworks */,
				64801BF51D5A55E300CC1587 /* Realm Run Script */,
			);
			buildRules = (
			);
			dependencies = (
			);
			name = RealmItemManager;
			productName = RealmItemManager;
			productReference = 64801BD41D5A495A00CC1587 /* RealmItemManager.app */;
			productType = "com.apple.product-type.application";
		};
/* End PBXNativeTarget section */

/* Begin PBXProject section */
		64801BCC1D5A495A00CC1587 /* Project object */ = {
			isa = PBXProject;
			attributes = {
				LastUpgradeCheck = 0730;
				ORGANIZATIONNAME = "Weien Wang";
				TargetAttributes = {
					64801BD31D5A495A00CC1587 = {
						CreatedOnToolsVersion = 7.3.1;
					};
				};
			};
			buildConfigurationList = 64801BCF1D5A495A00CC1587 /* Build configuration list for PBXProject "RealmItemManager" */;
			compatibilityVersion = "Xcode 3.2";
			developmentRegion = English;
			hasScannedForEncodings = 0;
			knownRegions = (
				en,
				Base,
			);
			mainGroup = 64801BCB1D5A495A00CC1587;
			productRefGroup = 64801BD51D5A495A00CC1587 /* Products */;
			projectDirPath = "";
			projectRoot = "";
			targets = (
				64801BD31D5A495A00CC1587 /* RealmItemManager */,
			);
		};
/* End PBXProject section */

/* Begin PBXResourcesBuildPhase section */
		64801BD21D5A495A00CC1587 /* Resources */ = {
			isa = PBXResourcesBuildPhase;
			buildActionMask = 2147483647;
			files = (
				64801BE71D5A495A00CC1587 /* LaunchScreen.storyboard in Resources */,
				64801BE41D5A495A00CC1587 /* Assets.xcassets in Resources */,
				64801BE21D5A495A00CC1587 /* Main.storyboard in Resources */,
			);
			runOnlyForDeploymentPostprocessing = 0;
		};
/* End PBXResourcesBuildPhase section */

/* Begin PBXShellScriptBuildPhase section */
		64801BF51D5A55E300CC1587 /* Realm Run Script */ = {
			isa = PBXShellScriptBuildPhase;
			buildActionMask = 2147483647;
			files = (
			);
			inputPaths = (
			);
			name = "Realm Run Script";
			outputPaths = (
			);
			runOnlyForDeploymentPostprocessing = 0;
			shellPath = /bin/sh;
			shellScript = "bash \"${BUILT_PRODUCTS_DIR}/${FRAMEWORKS_FOLDER_PATH}/Realm.framework/strip-frameworks.sh\"";
		};
/* End PBXShellScriptBuildPhase section */

/* Begin PBXSourcesBuildPhase section */
		64801BD01D5A495A00CC1587 /* Sources */ = {
			isa = PBXSourcesBuildPhase;
			buildActionMask = 2147483647;
			files = (
				64E9D96C1D5B89A20099A09D /* StorageController.m in Sources */,
				64E9D96E1D5B97050099A09D /* ItemListViewController.swift in Sources */,
				64E9D9761D5BC93B0099A09D /* ItemListDataSource.swift in Sources */,
				64E9D9651D5B80260099A09D /* Item.m in Sources */,
				64801BDC1D5A495A00CC1587 /* AppDelegate.m in Sources */,
				64E9D9681D5B803B0099A09D /* Note.m in Sources */,
				64801BD91D5A495A00CC1587 /* main.m in Sources */,
				64E9D97A1D5BE48E0099A09D /* ItemListCell.swift in Sources */,
				64E9D9741D5BC7420099A09D /* ItemListViewModel.swift in Sources */,
				64801BF41D5A55B900CC1587 /* RLMSupport.swift in Sources */,
				64E9D9781D5BC9440099A09D /* ItemListDelegate.swift in Sources */,
			);
			runOnlyForDeploymentPostprocessing = 0;
		};
/* End PBXSourcesBuildPhase section */

/* Begin PBXVariantGroup section */
		64801BE01D5A495A00CC1587 /* Main.storyboard */ = {
			isa = PBXVariantGroup;
			children = (
				64801BE11D5A495A00CC1587 /* Base */,
			);
			name = Main.storyboard;
			sourceTree = "<group>";
		};
		64801BE51D5A495A00CC1587 /* LaunchScreen.storyboard */ = {
			isa = PBXVariantGroup;
			children = (
				64801BE61D5A495A00CC1587 /* Base */,
			);
			name = LaunchScreen.storyboard;
			sourceTree = "<group>";
		};
/* End PBXVariantGroup section */

/* Begin XCBuildConfiguration section */
		64801BE91D5A495A00CC1587 /* Debug */ = {
			isa = XCBuildConfiguration;
			buildSettings = {
				ALWAYS_SEARCH_USER_PATHS = NO;
				CLANG_ANALYZER_NONNULL = YES;
				CLANG_CXX_LANGUAGE_STANDARD = "gnu++0x";
				CLANG_CXX_LIBRARY = "libc++";
				CLANG_ENABLE_MODULES = YES;
				CLANG_ENABLE_OBJC_ARC = YES;
				CLANG_WARN_BOOL_CONVERSION = YES;
				CLANG_WARN_CONSTANT_CONVERSION = YES;
				CLANG_WARN_DIRECT_OBJC_ISA_USAGE = YES_ERROR;
				CLANG_WARN_EMPTY_BODY = YES;
				CLANG_WARN_ENUM_CONVERSION = YES;
				CLANG_WARN_INT_CONVERSION = YES;
				CLANG_WARN_OBJC_ROOT_CLASS = YES_ERROR;
				CLANG_WARN_UNREACHABLE_CODE = YES;
				CLANG_WARN__DUPLICATE_METHOD_MATCH = YES;
				"CODE_SIGN_IDENTITY[sdk=iphoneos*]" = "iPhone Developer";
				COPY_PHASE_STRIP = NO;
				DEBUG_INFORMATION_FORMAT = dwarf;
				ENABLE_STRICT_OBJC_MSGSEND = YES;
				ENABLE_TESTABILITY = YES;
				GCC_C_LANGUAGE_STANDARD = gnu99;
				GCC_DYNAMIC_NO_PIC = NO;
				GCC_NO_COMMON_BLOCKS = YES;
				GCC_OPTIMIZATION_LEVEL = 0;
				GCC_PREPROCESSOR_DEFINITIONS = (
					"DEBUG=1",
					"$(inherited)",
				);
				GCC_WARN_64_TO_32_BIT_CONVERSION = YES;
				GCC_WARN_ABOUT_RETURN_TYPE = YES_ERROR;
				GCC_WARN_UNDECLARED_SELECTOR = YES;
				GCC_WARN_UNINITIALIZED_AUTOS = YES_AGGRESSIVE;
				GCC_WARN_UNUSED_FUNCTION = YES;
				GCC_WARN_UNUSED_VARIABLE = YES;
				IPHONEOS_DEPLOYMENT_TARGET = 9.3;
				MTL_ENABLE_DEBUG_INFO = YES;
				ONLY_ACTIVE_ARCH = YES;
				SDKROOT = iphoneos;
			};
			name = Debug;
		};
		64801BEA1D5A495A00CC1587 /* Release */ = {
			isa = XCBuildConfiguration;
			buildSettings = {
				ALWAYS_SEARCH_USER_PATHS = NO;
				CLANG_ANALYZER_NONNULL = YES;
				CLANG_CXX_LANGUAGE_STANDARD = "gnu++0x";
				CLANG_CXX_LIBRARY = "libc++";
				CLANG_ENABLE_MODULES = YES;
				CLANG_ENABLE_OBJC_ARC = YES;
				CLANG_WARN_BOOL_CONVERSION = YES;
				CLANG_WARN_CONSTANT_CONVERSION = YES;
				CLANG_WARN_DIRECT_OBJC_ISA_USAGE = YES_ERROR;
				CLANG_WARN_EMPTY_BODY = YES;
				CLANG_WARN_ENUM_CONVERSION = YES;
				CLANG_WARN_INT_CONVERSION = YES;
				CLANG_WARN_OBJC_ROOT_CLASS = YES_ERROR;
				CLANG_WARN_UNREACHABLE_CODE = YES;
				CLANG_WARN__DUPLICATE_METHOD_MATCH = YES;
				"CODE_SIGN_IDENTITY[sdk=iphoneos*]" = "iPhone Developer";
				COPY_PHASE_STRIP = NO;
				DEBUG_INFORMATION_FORMAT = "dwarf-with-dsym";
				ENABLE_NS_ASSERTIONS = NO;
				ENABLE_STRICT_OBJC_MSGSEND = YES;
				GCC_C_LANGUAGE_STANDARD = gnu99;
				GCC_NO_COMMON_BLOCKS = YES;
				GCC_WARN_64_TO_32_BIT_CONVERSION = YES;
				GCC_WARN_ABOUT_RETURN_TYPE = YES_ERROR;
				GCC_WARN_UNDECLARED_SELECTOR = YES;
				GCC_WARN_UNINITIALIZED_AUTOS = YES_AGGRESSIVE;
				GCC_WARN_UNUSED_FUNCTION = YES;
				GCC_WARN_UNUSED_VARIABLE = YES;
				IPHONEOS_DEPLOYMENT_TARGET = 9.3;
				MTL_ENABLE_DEBUG_INFO = NO;
				SDKROOT = iphoneos;
				VALIDATE_PRODUCT = YES;
			};
			name = Release;
		};
		64801BEC1D5A495A00CC1587 /* Debug */ = {
			isa = XCBuildConfiguration;
			buildSettings = {
				ASSETCATALOG_COMPILER_APPICON_NAME = AppIcon;
				CLANG_ENABLE_MODULES = YES;
				FRAMEWORK_SEARCH_PATHS = (
					"$(inherited)",
					"$(PROJECT_DIR)",
				);
				INFOPLIST_FILE = RealmItemManager/Info.plist;
				LD_RUNPATH_SEARCH_PATHS = "$(inherited) @executable_path/Frameworks";
				PRODUCT_BUNDLE_IDENTIFIER = org.weien.RealmItemManager;
				PRODUCT_NAME = "$(TARGET_NAME)";
				SWIFT_OBJC_BRIDGING_HEADER = "RealmItemManager-Bridging-Header.h";
				SWIFT_OPTIMIZATION_LEVEL = "-Onone";
			};
			name = Debug;
		};
		64801BED1D5A495A00CC1587 /* Release */ = {
			isa = XCBuildConfiguration;
			buildSettings = {
				ASSETCATALOG_COMPILER_APPICON_NAME = AppIcon;
				CLANG_ENABLE_MODULES = YES;
				FRAMEWORK_SEARCH_PATHS = (
					"$(inherited)",
					"$(PROJECT_DIR)",
				);
				INFOPLIST_FILE = RealmItemManager/Info.plist;
				LD_RUNPATH_SEARCH_PATHS = "$(inherited) @executable_path/Frameworks";
				PRODUCT_BUNDLE_IDENTIFIER = org.weien.RealmItemManager;
				PRODUCT_NAME = "$(TARGET_NAME)";
				SWIFT_OBJC_BRIDGING_HEADER = "RealmItemManager-Bridging-Header.h";
			};
			name = Release;
		};
/* End XCBuildConfiguration section */

/* Begin XCConfigurationList section */
		64801BCF1D5A495A00CC1587 /* Build configuration list for PBXProject "RealmItemManager" */ = {
			isa = XCConfigurationList;
			buildConfigurations = (
				64801BE91D5A495A00CC1587 /* Debug */,
				64801BEA1D5A495A00CC1587 /* Release */,
			);
			defaultConfigurationIsVisible = 0;
			defaultConfigurationName = Release;
		};
		64801BEB1D5A495A00CC1587 /* Build configuration list for PBXNativeTarget "RealmItemManager" */ = {
			isa = XCConfigurationList;
			buildConfigurations = (
				64801BEC1D5A495A00CC1587 /* Debug */,
				64801BED1D5A495A00CC1587 /* Release */,
			);
			defaultConfigurationIsVisible = 0;
			defaultConfigurationName = Release;
		};
/* End XCConfigurationList section */
	};
	rootObject = 64801BCC1D5A495A00CC1587 /* Project object */;
}
